{
  "requires": true,
  "lockfileVersion": 1,
  "dependencies": {
    "vue-poll": {
      "version": "0.1.8",
      "resolved": "https://registry.npmjs.org/vue-poll/-/vue-poll-0.1.8.tgz",
      "integrity": "sha512-iT/ng+fZeZThwxOfRnMXqYgQDvoYQqF5W2/gUrfsKN8/gfVcxzBm6UGU6IhF+hOh/HNWyaQHkZDD6lLDoIMNKw=="
    }
  }
}
